// !$*UTF8*$!
{
	archiveVersion = 1;
	classes = {
	};
	objectVersion = 77;
	objects = {

/* Begin PBXBuildFile section */
		05057D332D268985000DC56D /* TSMainViewController.swift in Sources */ = {isa = PBXBuildFile; fileRef = 05057D322D268985000DC56D /* TSMainViewController.swift */; };
		05057D342D268985000DC56D /* TSMainViewController.swift in Sources */ = {isa = PBXBuildFile; fileRef = 05057D322D268985000DC56D /* TSMainViewController.swift */; };
		050DA1D42CDD09C3006E0EDD /* TSSearchViewController.swift in Sources */ = {isa = PBXBuildFile; fileRef = 050DA1D32CDD09C3006E0EDD /* TSSearchViewController.swift */; };
		050DA1D52CDD09C3006E0EDD /* TSSearchViewController.swift in Sources */ = {isa = PBXBuildFile; fileRef = 050DA1D32CDD09C3006E0EDD /* TSSearchViewController.swift */; };
		0518B09B2CDBB23800C46E01 /* MultiUIKit.xcframework in Frameworks */ = {isa = PBXBuildFile; fileRef = 0518B09A2CDBB23800C46E01 /* MultiUIKit.xcframework */; };
		0518B09C2CDBB23800C46E01 /* MultiUIKit.xcframework in Embed Frameworks */ = {isa = PBXBuildFile; fileRef = 0518B09A2CDBB23800C46E01 /* MultiUIKit.xcframework */; settings = {ATTRIBUTES = (CodeSignOnCopy, RemoveHeadersOnCopy, ); }; };
		0518B0A12CDBB26C00C46E01 /* MultiUIKit.xcframework in Frameworks */ = {isa = PBXBuildFile; fileRef = 0518B09A2CDBB23800C46E01 /* MultiUIKit.xcframework */; };
		0518B0A22CDBB26C00C46E01 /* MultiUIKit.xcframework in Embed Frameworks */ = {isa = PBXBuildFile; fileRef = 0518B09A2CDBB23800C46E01 /* MultiUIKit.xcframework */; settings = {ATTRIBUTES = (CodeSignOnCopy, RemoveHeadersOnCopy, ); }; };
		051CF6E82CE0D16D000B690D /* MultiDataKit.xcframework in Frameworks */ = {isa = PBXBuildFile; fileRef = 051CF6E72CE0D16D000B690D /* MultiDataKit.xcframework */; };
		051CF6E92CE0D16D000B690D /* MultiDataKit.xcframework in Embed Frameworks */ = {isa = PBXBuildFile; fileRef = 051CF6E72CE0D16D000B690D /* MultiDataKit.xcframework */; settings = {ATTRIBUTES = (CodeSignOnCopy, RemoveHeadersOnCopy, ); }; };
		051CF6EA2CE0D1B1000B690D /* MultiDataKit.xcframework in Frameworks */ = {isa = PBXBuildFile; fileRef = 051CF6E72CE0D16D000B690D /* MultiDataKit.xcframework */; };
		051CF6EB2CE0D1B1000B690D /* MultiDataKit.xcframework in Embed Frameworks */ = {isa = PBXBuildFile; fileRef = 051CF6E72CE0D16D000B690D /* MultiDataKit.xcframework */; settings = {ATTRIBUTES = (CodeSignOnCopy, RemoveHeadersOnCopy, ); }; };
		0538AD0A2CE772A000561027 /* sites.json in CopyFiles */ = {isa = PBXBuildFile; fileRef = 0538AD082CE7728100561027 /* sites.json */; };
		0538AD0C2CE772B100561027 /* sites.json in CopyFiles */ = {isa = PBXBuildFile; fileRef = 0538AD082CE7728100561027 /* sites.json */; };
		0548501E2CE755980060AEA0 /* TSSiteTable.swift in Sources */ = {isa = PBXBuildFile; fileRef = 0548501D2CE755980060AEA0 /* TSSiteTable.swift */; };
		0548501F2CE755980060AEA0 /* TSSiteTable.swift in Sources */ = {isa = PBXBuildFile; fileRef = 0548501D2CE755980060AEA0 /* TSSiteTable.swift */; };
		0565FE042D0CF0B20014F9AE /* TSSiteLoader.swift in Sources */ = {isa = PBXBuildFile; fileRef = 0565FE032D0CF0B20014F9AE /* TSSiteLoader.swift */; };
		0565FE052D0CF0B20014F9AE /* TSSiteLoader.swift in Sources */ = {isa = PBXBuildFile; fileRef = 0565FE032D0CF0B20014F9AE /* TSSiteLoader.swift */; };
		05B3AF052CF92339006AF536 /* TSQuery.swift in Sources */ = {isa = PBXBuildFile; fileRef = 05B3AF042CF92339006AF536 /* TSQuery.swift */; };
		05B3AF062CF92339006AF536 /* TSQuery.swift in Sources */ = {isa = PBXBuildFile; fileRef = 05B3AF042CF92339006AF536 /* TSQuery.swift */; };
		05CC32812CDFA67100978FF6 /* TSTypes.swift in Sources */ = {isa = PBXBuildFile; fileRef = 05CC32802CDFA67100978FF6 /* TSTypes.swift */; };
		05CC32822CDFA67100978FF6 /* TSTypes.swift in Sources */ = {isa = PBXBuildFile; fileRef = 05CC32802CDFA67100978FF6 /* TSTypes.swift */; };
		05E1B0BF2CF4B026009F23ED /* TSControlParametrers.swift in Sources */ = {isa = PBXBuildFile; fileRef = 05E1B0BE2CF4B026009F23ED /* TSControlParametrers.swift */; };
		05E1B0C02CF4B026009F23ED /* TSControlParametrers.swift in Sources */ = {isa = PBXBuildFile; fileRef = 05E1B0BE2CF4B026009F23ED /* TSControlParametrers.swift */; };
		05E21C692D007DD900C181E3 /* TSPreferenceController.swift in Sources */ = {isa = PBXBuildFile; fileRef = 05E21C682D007DD900C181E3 /* TSPreferenceController.swift */; };
		05E21C6A2D007DD900C181E3 /* TSPreferenceController.swift in Sources */ = {isa = PBXBuildFile; fileRef = 05E21C682D007DD900C181E3 /* TSPreferenceController.swift */; };
		05F04E0C2CDEDC2B006C8586 /* TSBrowserController.swift in Sources */ = {isa = PBXBuildFile; fileRef = 05F04E0B2CDEDC2B006C8586 /* TSBrowserController.swift */; };
		05F04E0D2CDEDC2B006C8586 /* TSBrowserController.swift in Sources */ = {isa = PBXBuildFile; fileRef = 05F04E0B2CDEDC2B006C8586 /* TSBrowserController.swift */; };
/* End PBXBuildFile section */

/* Begin PBXCopyFilesBuildPhase section */
		0518B09D2CDBB23800C46E01 /* Embed Frameworks */ = {
			isa = PBXCopyFilesBuildPhase;
			buildActionMask = 2147483647;
			dstPath = "";
			dstSubfolderSpec = 10;
			files = (
				051CF6E92CE0D16D000B690D /* MultiDataKit.xcframework in Embed Frameworks */,
				0518B09C2CDBB23800C46E01 /* MultiUIKit.xcframework in Embed Frameworks */,
			);
			name = "Embed Frameworks";
			runOnlyForDeploymentPostprocessing = 0;
		};
		0518B0A32CDBB26C00C46E01 /* Embed Frameworks */ = {
			isa = PBXCopyFilesBuildPhase;
			buildActionMask = 2147483647;
			dstPath = "";
			dstSubfolderSpec = 10;
			files = (
				051CF6EB2CE0D1B1000B690D /* MultiDataKit.xcframework in Embed Frameworks */,
				0518B0A22CDBB26C00C46E01 /* MultiUIKit.xcframework in Embed Frameworks */,
			);
			name = "Embed Frameworks";
			runOnlyForDeploymentPostprocessing = 0;
		};
		0538AD092CE7729600561027 /* CopyFiles */ = {
			isa = PBXCopyFilesBuildPhase;
			buildActionMask = 2147483647;
			dstPath = "";
			dstSubfolderSpec = 7;
			files = (
				0538AD0A2CE772A000561027 /* sites.json in CopyFiles */,
			);
			runOnlyForDeploymentPostprocessing = 0;
		};
		0538AD0B2CE772A800561027 /* CopyFiles */ = {
			isa = PBXCopyFilesBuildPhase;
			buildActionMask = 2147483647;
			dstPath = "";
			dstSubfolderSpec = 7;
			files = (
				0538AD0C2CE772B100561027 /* sites.json in CopyFiles */,
			);
			runOnlyForDeploymentPostprocessing = 0;
		};
/* End PBXCopyFilesBuildPhase section */

/* Begin PBXFileReference section */
		05057D322D268985000DC56D /* TSMainViewController.swift */ = {isa = PBXFileReference; lastKnownFileType = sourcecode.swift; path = TSMainViewController.swift; sourceTree = "<group>"; };
		050DA1D32CDD09C3006E0EDD /* TSSearchViewController.swift */ = {isa = PBXFileReference; lastKnownFileType = sourcecode.swift; path = TSSearchViewController.swift; sourceTree = "<group>"; };
		0518B09A2CDBB23800C46E01 /* MultiUIKit.xcframework */ = {isa = PBXFileReference; lastKnownFileType = wrapper.xcframework; name = MultiUIKit.xcframework; path = ../../../Library/Frameworks/MultiUIKit.xcframework; sourceTree = "<group>"; };
		051CF6E72CE0D16D000B690D /* MultiDataKit.xcframework */ = {isa = PBXFileReference; lastKnownFileType = wrapper.xcframework; name = MultiDataKit.xcframework; path = ../../../Library/Frameworks/MultiDataKit.xcframework; sourceTree = "<group>"; };
		0538AD082CE7728100561027 /* sites.json */ = {isa = PBXFileReference; lastKnownFileType = text.json; path = sites.json; sourceTree = "<group>"; };
		053970E02CDBA4FD008E4EFA /* TrustedSearch_macOS.app */ = {isa = PBXFileReference; explicitFileType = wrapper.application; includeInIndex = 0; path = TrustedSearch_macOS.app; sourceTree = BUILT_PRODUCTS_DIR; };
		0548501D2CE755980060AEA0 /* TSSiteTable.swift */ = {isa = PBXFileReference; lastKnownFileType = sourcecode.swift; path = TSSiteTable.swift; sourceTree = "<group>"; };
		0565FE032D0CF0B20014F9AE /* TSSiteLoader.swift */ = {isa = PBXFileReference; lastKnownFileType = sourcecode.swift; path = TSSiteLoader.swift; sourceTree = "<group>"; };
		05780E842CDBA8E5003C03E6 /* TrustedSearch_iOS.app */ = {isa = PBXFileReference; explicitFileType = wrapper.application; includeInIndex = 0; path = TrustedSearch_iOS.app; sourceTree = BUILT_PRODUCTS_DIR; };
		05B3AF042CF92339006AF536 /* TSQuery.swift */ = {isa = PBXFileReference; lastKnownFileType = sourcecode.swift; path = TSQuery.swift; sourceTree = "<group>"; };
		05CC32802CDFA67100978FF6 /* TSTypes.swift */ = {isa = PBXFileReference; lastKnownFileType = sourcecode.swift; path = TSTypes.swift; sourceTree = "<group>"; };
		05E1B0BE2CF4B026009F23ED /* TSControlParametrers.swift */ = {isa = PBXFileReference; lastKnownFileType = sourcecode.swift; path = TSControlParametrers.swift; sourceTree = "<group>"; };
		05E21C682D007DD900C181E3 /* TSPreferenceController.swift */ = {isa = PBXFileReference; lastKnownFileType = sourcecode.swift; path = TSPreferenceController.swift; sourceTree = "<group>"; };
		05F04E0B2CDEDC2B006C8586 /* TSBrowserController.swift */ = {isa = PBXFileReference; lastKnownFileType = sourcecode.swift; path = TSBrowserController.swift; sourceTree = "<group>"; };
/* End PBXFileReference section */

/* Begin PBXFileSystemSynchronizedBuildFileExceptionSet section */
		05780E952CDBA8E8003C03E6 /* Exceptions for "TrustedSearch_iOS" folder in "TrustedSearch_iOS" target */ = {
			isa = PBXFileSystemSynchronizedBuildFileExceptionSet;
			membershipExceptions = (
				Info.plist,
			);
			target = 05780E832CDBA8E5003C03E6 /* TrustedSearch_iOS */;
		};
/* End PBXFileSystemSynchronizedBuildFileExceptionSet section */

/* Begin PBXFileSystemSynchronizedRootGroup section */
		053970E22CDBA4FD008E4EFA /* TrustedSearch_macOS */ = {
			isa = PBXFileSystemSynchronizedRootGroup;
			path = TrustedSearch_macOS;
			sourceTree = "<group>";
		};
		05780E852CDBA8E5003C03E6 /* TrustedSearch_iOS */ = {
			isa = PBXFileSystemSynchronizedRootGroup;
			exceptions = (
				05780E952CDBA8E8003C03E6 /* Exceptions for "TrustedSearch_iOS" folder in "TrustedSearch_iOS" target */,
			);
			path = TrustedSearch_iOS;
			sourceTree = "<group>";
		};
/* End PBXFileSystemSynchronizedRootGroup section */

/* Begin PBXFrameworksBuildPhase section */
		053970DD2CDBA4FD008E4EFA /* Frameworks */ = {
			isa = PBXFrameworksBuildPhase;
			buildActionMask = 2147483647;
			files = (
				051CF6E82CE0D16D000B690D /* MultiDataKit.xcframework in Frameworks */,
				0518B09B2CDBB23800C46E01 /* MultiUIKit.xcframework in Frameworks */,
			);
			runOnlyForDeploymentPostprocessing = 0;
		};
		05780E812CDBA8E5003C03E6 /* Frameworks */ = {
			isa = PBXFrameworksBuildPhase;
			buildActionMask = 2147483647;
			files = (
				051CF6EA2CE0D1B1000B690D /* MultiDataKit.xcframework in Frameworks */,
				0518B0A12CDBB26C00C46E01 /* MultiUIKit.xcframework in Frameworks */,
			);
			runOnlyForDeploymentPostprocessing = 0;
		};
/* End PBXFrameworksBuildPhase section */

/* Begin PBXGroup section */
		0518B0992CDBB23800C46E01 /* Frameworks */ = {
			isa = PBXGroup;
			children = (
				051CF6E72CE0D16D000B690D /* MultiDataKit.xcframework */,
				0518B09A2CDBB23800C46E01 /* MultiUIKit.xcframework */,
			);
			name = Frameworks;
			sourceTree = "<group>";
		};
		0518B0AE2CDBB95A00C46E01 /* Source */ = {
			isa = PBXGroup;
			children = (
				05057D322D268985000DC56D /* TSMainViewController.swift */,
				050DA1D32CDD09C3006E0EDD /* TSSearchViewController.swift */,
				05F04E0B2CDEDC2B006C8586 /* TSBrowserController.swift */,
				05E1B0BE2CF4B026009F23ED /* TSControlParametrers.swift */,
				0548501D2CE755980060AEA0 /* TSSiteTable.swift */,
				0565FE032D0CF0B20014F9AE /* TSSiteLoader.swift */,
				05B3AF042CF92339006AF536 /* TSQuery.swift */,
				05E21C682D007DD900C181E3 /* TSPreferenceController.swift */,
				05CC32802CDFA67100978FF6 /* TSTypes.swift */,
			);
			name = Source;
			path = ../Source;
			sourceTree = "<group>";
		};
		0538AD072CE7724B00561027 /* Resource */ = {
			isa = PBXGroup;
			children = (
				0538AD082CE7728100561027 /* sites.json */,
			);
			name = Resource;
			path = ../Resource;
			sourceTree = "<group>";
		};
		053970D72CDBA4FD008E4EFA = {
			isa = PBXGroup;
			children = (
				053970E22CDBA4FD008E4EFA /* TrustedSearch_macOS */,
				05780E852CDBA8E5003C03E6 /* TrustedSearch_iOS */,
				0518B0AE2CDBB95A00C46E01 /* Source */,
				0538AD072CE7724B00561027 /* Resource */,
				0518B0992CDBB23800C46E01 /* Frameworks */,
				053970E12CDBA4FD008E4EFA /* Products */,
			);
			sourceTree = "<group>";
		};
		053970E12CDBA4FD008E4EFA /* Products */ = {
			isa = PBXGroup;
			children = (
				053970E02CDBA4FD008E4EFA /* TrustedSearch_macOS.app */,
				05780E842CDBA8E5003C03E6 /* TrustedSearch_iOS.app */,
			);
			name = Products;
			sourceTree = "<group>";
		};
/* End PBXGroup section */

/* Begin PBXNativeTarget section */
		053970DF2CDBA4FD008E4EFA /* TrustedSearch_macOS */ = {
			isa = PBXNativeTarget;
			buildConfigurationList = 053970EF2CDBA4FF008E4EFA /* Build configuration list for PBXNativeTarget "TrustedSearch_macOS" */;
			buildPhases = (
				053970DC2CDBA4FD008E4EFA /* Sources */,
				053970DD2CDBA4FD008E4EFA /* Frameworks */,
				053970DE2CDBA4FD008E4EFA /* Resources */,
				0518B09D2CDBB23800C46E01 /* Embed Frameworks */,
				0538AD092CE7729600561027 /* CopyFiles */,
			);
			buildRules = (
			);
			dependencies = (
			);
			fileSystemSynchronizedGroups = (
				053970E22CDBA4FD008E4EFA /* TrustedSearch_macOS */,
			);
			name = TrustedSearch_macOS;
			packageProductDependencies = (
			);
			productName = TrustedSearch;
			productReference = 053970E02CDBA4FD008E4EFA /* TrustedSearch_macOS.app */;
			productType = "com.apple.product-type.application";
		};
		05780E832CDBA8E5003C03E6 /* TrustedSearch_iOS */ = {
			isa = PBXNativeTarget;
			buildConfigurationList = 05780E962CDBA8E8003C03E6 /* Build configuration list for PBXNativeTarget "TrustedSearch_iOS" */;
			buildPhases = (
				05780E802CDBA8E5003C03E6 /* Sources */,
				05780E812CDBA8E5003C03E6 /* Frameworks */,
				05780E822CDBA8E5003C03E6 /* Resources */,
				0518B0A32CDBB26C00C46E01 /* Embed Frameworks */,
				0538AD0B2CE772A800561027 /* CopyFiles */,
			);
			buildRules = (
			);
			dependencies = (
			);
			fileSystemSynchronizedGroups = (
				05780E852CDBA8E5003C03E6 /* TrustedSearch_iOS */,
			);
			name = TrustedSearch_iOS;
			packageProductDependencies = (
			);
			productName = TrustedSearch_iOS;
			productReference = 05780E842CDBA8E5003C03E6 /* TrustedSearch_iOS.app */;
			productType = "com.apple.product-type.application";
		};
/* End PBXNativeTarget section */

/* Begin PBXProject section */
		053970D82CDBA4FD008E4EFA /* Project object */ = {
			isa = PBXProject;
			attributes = {
				BuildIndependentTargetsInParallel = 1;
				LastSwiftUpdateCheck = 1610;
				LastUpgradeCheck = 1620;
				TargetAttributes = {
					053970DF2CDBA4FD008E4EFA = {
						CreatedOnToolsVersion = 16.1;
					};
					05780E832CDBA8E5003C03E6 = {
						CreatedOnToolsVersion = 16.1;
					};
				};
			};
			buildConfigurationList = 053970DB2CDBA4FD008E4EFA /* Build configuration list for PBXProject "TrustedSearch" */;
			developmentRegion = en;
			hasScannedForEncodings = 0;
			knownRegions = (
				en,
				Base,
			);
			mainGroup = 053970D72CDBA4FD008E4EFA;
			minimizedProjectReferenceProxies = 1;
			preferredProjectObjectVersion = 77;
			productRefGroup = 053970E12CDBA4FD008E4EFA /* Products */;
			projectDirPath = "";
			projectRoot = "";
			targets = (
				053970DF2CDBA4FD008E4EFA /* TrustedSearch_macOS */,
				05780E832CDBA8E5003C03E6 /* TrustedSearch_iOS */,
			);
		};
/* End PBXProject section */

/* Begin PBXResourcesBuildPhase section */
		053970DE2CDBA4FD008E4EFA /* Resources */ = {
			isa = PBXResourcesBuildPhase;
			buildActionMask = 2147483647;
			files = (
			);
			runOnlyForDeploymentPostprocessing = 0;
		};
		05780E822CDBA8E5003C03E6 /* Resources */ = {
			isa = PBXResourcesBuildPhase;
			buildActionMask = 2147483647;
			files = (
			);
			runOnlyForDeploymentPostprocessing = 0;
		};
/* End PBXResourcesBuildPhase section */

/* Begin PBXSourcesBuildPhase section */
		053970DC2CDBA4FD008E4EFA /* Sources */ = {
			isa = PBXSourcesBuildPhase;
			buildActionMask = 2147483647;
			files = (
				05057D342D268985000DC56D /* TSMainViewController.swift in Sources */,
				05CC32812CDFA67100978FF6 /* TSTypes.swift in Sources */,
				05E21C692D007DD900C181E3 /* TSPreferenceController.swift in Sources */,
				0565FE042D0CF0B20014F9AE /* TSSiteLoader.swift in Sources */,
				050DA1D42CDD09C3006E0EDD /* TSSearchViewController.swift in Sources */,
				05E1B0C02CF4B026009F23ED /* TSControlParametrers.swift in Sources */,
				05B3AF062CF92339006AF536 /* TSQuery.swift in Sources */,
				0548501F2CE755980060AEA0 /* TSSiteTable.swift in Sources */,
				05F04E0D2CDEDC2B006C8586 /* TSBrowserController.swift in Sources */,
			);
			runOnlyForDeploymentPostprocessing = 0;
		};
		05780E802CDBA8E5003C03E6 /* Sources */ = {
			isa = PBXSourcesBuildPhase;
			buildActionMask = 2147483647;
			files = (
				05057D332D268985000DC56D /* TSMainViewController.swift in Sources */,
				05B3AF052CF92339006AF536 /* TSQuery.swift in Sources */,
				05CC32822CDFA67100978FF6 /* TSTypes.swift in Sources */,
				0565FE052D0CF0B20014F9AE /* TSSiteLoader.swift in Sources */,
				05E1B0BF2CF4B026009F23ED /* TSControlParametrers.swift in Sources */,
				0548501E2CE755980060AEA0 /* TSSiteTable.swift in Sources */,
				05E21C6A2D007DD900C181E3 /* TSPreferenceController.swift in Sources */,
				05F04E0C2CDEDC2B006C8586 /* TSBrowserController.swift in Sources */,
				050DA1D52CDD09C3006E0EDD /* TSSearchViewController.swift in Sources */,
			);
			runOnlyForDeploymentPostprocessing = 0;
		};
/* End PBXSourcesBuildPhase section */

/* Begin XCBuildConfiguration section */
		053970ED2CDBA4FF008E4EFA /* Debug */ = {
			isa = XCBuildConfiguration;
			buildSettings = {
				ALWAYS_SEARCH_USER_PATHS = NO;
				ASSETCATALOG_COMPILER_GENERATE_SWIFT_ASSET_SYMBOL_EXTENSIONS = YES;
				CLANG_ANALYZER_NONNULL = YES;
				CLANG_ANALYZER_NUMBER_OBJECT_CONVERSION = YES_AGGRESSIVE;
				CLANG_CXX_LANGUAGE_STANDARD = "gnu++20";
				CLANG_ENABLE_MODULES = YES;
				CLANG_ENABLE_OBJC_ARC = YES;
				CLANG_ENABLE_OBJC_WEAK = YES;
				CLANG_WARN_BLOCK_CAPTURE_AUTORELEASING = YES;
				CLANG_WARN_BOOL_CONVERSION = YES;
				CLANG_WARN_COMMA = YES;
				CLANG_WARN_CONSTANT_CONVERSION = YES;
				CLANG_WARN_DEPRECATED_OBJC_IMPLEMENTATIONS = YES;
				CLANG_WARN_DIRECT_OBJC_ISA_USAGE = YES_ERROR;
				CLANG_WARN_DOCUMENTATION_COMMENTS = YES;
				CLANG_WARN_EMPTY_BODY = YES;
				CLANG_WARN_ENUM_CONVERSION = YES;
				CLANG_WARN_INFINITE_RECURSION = YES;
				CLANG_WARN_INT_CONVERSION = YES;
				CLANG_WARN_NON_LITERAL_NULL_CONVERSION = YES;
				CLANG_WARN_OBJC_IMPLICIT_RETAIN_SELF = YES;
				CLANG_WARN_OBJC_LITERAL_CONVERSION = YES;
				CLANG_WARN_OBJC_ROOT_CLASS = YES_ERROR;
				CLANG_WARN_QUOTED_INCLUDE_IN_FRAMEWORK_HEADER = YES;
				CLANG_WARN_RANGE_LOOP_ANALYSIS = YES;
				CLANG_WARN_STRICT_PROTOTYPES = YES;
				CLANG_WARN_SUSPICIOUS_MOVE = YES;
				CLANG_WARN_UNGUARDED_AVAILABILITY = YES_AGGRESSIVE;
				CLANG_WARN_UNREACHABLE_CODE = YES;
				CLANG_WARN__DUPLICATE_METHOD_MATCH = YES;
				COPY_PHASE_STRIP = NO;
				DEAD_CODE_STRIPPING = YES;
				DEBUG_INFORMATION_FORMAT = dwarf;
				ENABLE_STRICT_OBJC_MSGSEND = YES;
				ENABLE_TESTABILITY = YES;
				ENABLE_USER_SCRIPT_SANDBOXING = YES;
				GCC_C_LANGUAGE_STANDARD = gnu17;
				GCC_DYNAMIC_NO_PIC = NO;
				GCC_NO_COMMON_BLOCKS = YES;
				GCC_OPTIMIZATION_LEVEL = 0;
				GCC_PREPROCESSOR_DEFINITIONS = (
					"DEBUG=1",
					"$(inherited)",
				);
				GCC_WARN_64_TO_32_BIT_CONVERSION = YES;
				GCC_WARN_ABOUT_RETURN_TYPE = YES_ERROR;
				GCC_WARN_UNDECLARED_SELECTOR = YES;
				GCC_WARN_UNINITIALIZED_AUTOS = YES_AGGRESSIVE;
				GCC_WARN_UNUSED_FUNCTION = YES;
				GCC_WARN_UNUSED_VARIABLE = YES;
				LOCALIZATION_PREFERS_STRING_CATALOGS = YES;
				MACOSX_DEPLOYMENT_TARGET = 15.1;
				MTL_ENABLE_DEBUG_INFO = INCLUDE_SOURCE;
				MTL_FAST_MATH = YES;
				ONLY_ACTIVE_ARCH = YES;
				SDKROOT = macosx;
				SWIFT_ACTIVE_COMPILATION_CONDITIONS = "DEBUG $(inherited)";
				SWIFT_OPTIMIZATION_LEVEL = "-Onone";
			};
			name = Debug;
		};
		053970EE2CDBA4FF008E4EFA /* Release */ = {
			isa = XCBuildConfiguration;
			buildSettings = {
				ALWAYS_SEARCH_USER_PATHS = NO;
				ASSETCATALOG_COMPILER_GENERATE_SWIFT_ASSET_SYMBOL_EXTENSIONS = YES;
				CLANG_ANALYZER_NONNULL = YES;
				CLANG_ANALYZER_NUMBER_OBJECT_CONVERSION = YES_AGGRESSIVE;
				CLANG_CXX_LANGUAGE_STANDARD = "gnu++20";
				CLANG_ENABLE_MODULES = YES;
				CLANG_ENABLE_OBJC_ARC = YES;
				CLANG_ENABLE_OBJC_WEAK = YES;
				CLANG_WARN_BLOCK_CAPTURE_AUTORELEASING = YES;
				CLANG_WARN_BOOL_CONVERSION = YES;
				CLANG_WARN_COMMA = YES;
				CLANG_WARN_CONSTANT_CONVERSION = YES;
				CLANG_WARN_DEPRECATED_OBJC_IMPLEMENTATIONS = YES;
				CLANG_WARN_DIRECT_OBJC_ISA_USAGE = YES_ERROR;
				CLANG_WARN_DOCUMENTATION_COMMENTS = YES;
				CLANG_WARN_EMPTY_BODY = YES;
				CLANG_WARN_ENUM_CONVERSION = YES;
				CLANG_WARN_INFINITE_RECURSION = YES;
				CLANG_WARN_INT_CONVERSION = YES;
				CLANG_WARN_NON_LITERAL_NULL_CONVERSION = YES;
				CLANG_WARN_OBJC_IMPLICIT_RETAIN_SELF = YES;
				CLANG_WARN_OBJC_LITERAL_CONVERSION = YES;
				CLANG_WARN_OBJC_ROOT_CLASS = YES_ERROR;
				CLANG_WARN_QUOTED_INCLUDE_IN_FRAMEWORK_HEADER = YES;
				CLANG_WARN_RANGE_LOOP_ANALYSIS = YES;
				CLANG_WARN_STRICT_PROTOTYPES = YES;
				CLANG_WARN_SUSPICIOUS_MOVE = YES;
				CLANG_WARN_UNGUARDED_AVAILABILITY = YES_AGGRESSIVE;
				CLANG_WARN_UNREACHABLE_CODE = YES;
				CLANG_WARN__DUPLICATE_METHOD_MATCH = YES;
				COPY_PHASE_STRIP = NO;
				DEAD_CODE_STRIPPING = YES;
				DEBUG_INFORMATION_FORMAT = "dwarf-with-dsym";
				ENABLE_NS_ASSERTIONS = NO;
				ENABLE_STRICT_OBJC_MSGSEND = YES;
				ENABLE_USER_SCRIPT_SANDBOXING = YES;
				GCC_C_LANGUAGE_STANDARD = gnu17;
				GCC_NO_COMMON_BLOCKS = YES;
				GCC_WARN_64_TO_32_BIT_CONVERSION = YES;
				GCC_WARN_ABOUT_RETURN_TYPE = YES_ERROR;
				GCC_WARN_UNDECLARED_SELECTOR = YES;
				GCC_WARN_UNINITIALIZED_AUTOS = YES_AGGRESSIVE;
				GCC_WARN_UNUSED_FUNCTION = YES;
				GCC_WARN_UNUSED_VARIABLE = YES;
				LOCALIZATION_PREFERS_STRING_CATALOGS = YES;
				MACOSX_DEPLOYMENT_TARGET = 15.1;
				MTL_ENABLE_DEBUG_INFO = NO;
				MTL_FAST_MATH = YES;
				SDKROOT = macosx;
				SWIFT_COMPILATION_MODE = wholemodule;
			};
			name = Release;
		};
		053970F02CDBA4FF008E4EFA /* Debug */ = {
			isa = XCBuildConfiguration;
			buildSettings = {
				ASSETCATALOG_COMPILER_APPICON_NAME = AppIcon;
				ASSETCATALOG_COMPILER_GLOBAL_ACCENT_COLOR_NAME = AccentColor;
				CODE_SIGN_ENTITLEMENTS = TrustedSearch_macOS/TrustedSearch.entitlements;
				CODE_SIGN_STYLE = Automatic;
				COMBINE_HIDPI_IMAGES = YES;
				CURRENT_PROJECT_VERSION = 1;
				DEAD_CODE_STRIPPING = YES;
				DEVELOPMENT_TEAM = TR2DNF3P93;
				ENABLE_HARDENED_RUNTIME = YES;
				FRAMEWORK_SEARCH_PATHS = "$(HOME)/Library/Frameworks";
				GCC_OPTIMIZATION_LEVEL = s;
				GENERATE_INFOPLIST_FILE = YES;
				INFOPLIST_KEY_NSHumanReadableCopyright = "";
				INFOPLIST_KEY_NSMainStoryboardFile = Main;
				INFOPLIST_KEY_NSPrincipalClass = NSApplication;
				LD_RUNPATH_SEARCH_PATHS = (
					"$(inherited)",
					"@executable_path/../Frameworks",
				);
				MARKETING_VERSION = 1.0;
				PRODUCT_BUNDLE_IDENTIFIER = "com.github.steel-wheels.TrustedSearch.macos";
				PRODUCT_NAME = "$(TARGET_NAME)";
				SWIFT_EMIT_LOC_STRINGS = YES;
				SWIFT_VERSION = 5.0;
			};
			name = Debug;
		};
		053970F12CDBA4FF008E4EFA /* Release */ = {
			isa = XCBuildConfiguration;
			buildSettings = {
				ASSETCATALOG_COMPILER_APPICON_NAME = AppIcon;
				ASSETCATALOG_COMPILER_GLOBAL_ACCENT_COLOR_NAME = AccentColor;
				CODE_SIGN_ENTITLEMENTS = TrustedSearch_macOS/TrustedSearch.entitlements;
				CODE_SIGN_STYLE = Automatic;
				COMBINE_HIDPI_IMAGES = YES;
				CURRENT_PROJECT_VERSION = 1;
				DEAD_CODE_STRIPPING = YES;
				DEVELOPMENT_TEAM = TR2DNF3P93;
				ENABLE_HARDENED_RUNTIME = YES;
				FRAMEWORK_SEARCH_PATHS = "$(HOME)/Library/Frameworks";
				GCC_OPTIMIZATION_LEVEL = s;
				GENERATE_INFOPLIST_FILE = YES;
				INFOPLIST_KEY_NSHumanReadableCopyright = "";
				INFOPLIST_KEY_NSMainStoryboardFile = Main;
				INFOPLIST_KEY_NSPrincipalClass = NSApplication;
				LD_RUNPATH_SEARCH_PATHS = (
					"$(inherited)",
					"@executable_path/../Frameworks",
				);
				MARKETING_VERSION = 1.0;
				PRODUCT_BUNDLE_IDENTIFIER = "com.github.steel-wheels.TrustedSearch.macos";
				PRODUCT_NAME = "$(TARGET_NAME)";
				SWIFT_EMIT_LOC_STRINGS = YES;
				SWIFT_VERSION = 5.0;
			};
			name = Release;
		};
		05780E972CDBA8E8003C03E6 /* Debug */ = {
			isa = XCBuildConfiguration;
			buildSettings = {
				ASSETCATALOG_COMPILER_APPICON_NAME = AppIcon;
				ASSETCATALOG_COMPILER_GLOBAL_ACCENT_COLOR_NAME = AccentColor;
				CODE_SIGN_STYLE = Automatic;
				CURRENT_PROJECT_VERSION = 1;
				DEVELOPMENT_TEAM = TR2DNF3P93;
				FRAMEWORK_SEARCH_PATHS = "$(HOME)/Library/Frameworks";
				GCC_OPTIMIZATION_LEVEL = s;
				GENERATE_INFOPLIST_FILE = YES;
				INFOPLIST_FILE = TrustedSearch_iOS/Info.plist;
				INFOPLIST_KEY_LSApplicationCategoryType = "public.app-category.business";
				INFOPLIST_KEY_UIApplicationSupportsIndirectInputEvents = YES;
				INFOPLIST_KEY_UILaunchStoryboardName = LaunchScreen;
				INFOPLIST_KEY_UIMainStoryboardFile = Main;
				INFOPLIST_KEY_UISupportedInterfaceOrientations_iPad = "UIInterfaceOrientationPortrait UIInterfaceOrientationPortraitUpsideDown UIInterfaceOrientationLandscapeLeft UIInterfaceOrientationLandscapeRight";
				INFOPLIST_KEY_UISupportedInterfaceOrientations_iPhone = "UIInterfaceOrientationPortrait UIInterfaceOrientationLandscapeLeft UIInterfaceOrientationLandscapeRight";
				IPHONEOS_DEPLOYMENT_TARGET = 18.1;
				LD_RUNPATH_SEARCH_PATHS = (
					"$(inherited)",
					"@executable_path/Frameworks",
				);
				MARKETING_VERSION = 1.0;
				PRODUCT_BUNDLE_IDENTIFIER = "com.github.steel-wheels.TrustedSearch.iOS";
				PRODUCT_NAME = "$(TARGET_NAME)";
				SDKROOT = iphoneos;
				SUPPORTED_PLATFORMS = "iphoneos iphonesimulator";
				SUPPORTS_MACCATALYST = NO;
				SUPPORTS_XR_DESIGNED_FOR_IPHONE_IPAD = NO;
				SWIFT_EMIT_LOC_STRINGS = YES;
				SWIFT_VERSION = 5.0;
				TARGETED_DEVICE_FAMILY = "1,2";
			};
			name = Debug;
		};
		05780E982CDBA8E8003C03E6 /* Release */ = {
			isa = XCBuildConfiguration;
			buildSettings = {
				ASSETCATALOG_COMPILER_APPICON_NAME = AppIcon;
				ASSETCATALOG_COMPILER_GLOBAL_ACCENT_COLOR_NAME = AccentColor;
				CODE_SIGN_STYLE = Automatic;
				CURRENT_PROJECT_VERSION = 1;
				DEVELOPMENT_TEAM = TR2DNF3P93;
				FRAMEWORK_SEARCH_PATHS = "$(HOME)/Library/Frameworks";
				GCC_OPTIMIZATION_LEVEL = s;
				GENERATE_INFOPLIST_FILE = YES;
				INFOPLIST_FILE = TrustedSearch_iOS/Info.plist;
				INFOPLIST_KEY_LSApplicationCategoryType = "public.app-category.business";
				INFOPLIST_KEY_UIApplicationSupportsIndirectInputEvents = YES;
				INFOPLIST_KEY_UILaunchStoryboardName = LaunchScreen;
				INFOPLIST_KEY_UIMainStoryboardFile = Main;
				INFOPLIST_KEY_UISupportedInterfaceOrientations_iPad = "UIInterfaceOrientationPortrait UIInterfaceOrientationPortraitUpsideDown UIInterfaceOrientationLandscapeLeft UIInterfaceOrientationLandscapeRight";
				INFOPLIST_KEY_UISupportedInterfaceOrientations_iPhone = "UIInterfaceOrientationPortrait UIInterfaceOrientationLandscapeLeft UIInterfaceOrientationLandscapeRight";
				IPHONEOS_DEPLOYMENT_TARGET = 18.1;
				LD_RUNPATH_SEARCH_PATHS = (
					"$(inherited)",
					"@executable_path/Frameworks",
				);
				MARKETING_VERSION = 1.0;
				PRODUCT_BUNDLE_IDENTIFIER = "com.github.steel-wheels.TrustedSearch.iOS";
				PRODUCT_NAME = "$(TARGET_NAME)";
				SDKROOT = iphoneos;
				SUPPORTED_PLATFORMS = "iphoneos iphonesimulator";
				SUPPORTS_MACCATALYST = NO;
				SUPPORTS_XR_DESIGNED_FOR_IPHONE_IPAD = NO;
				SWIFT_EMIT_LOC_STRINGS = YES;
				SWIFT_VERSION = 5.0;
				TARGETED_DEVICE_FAMILY = "1,2";
				VALIDATE_PRODUCT = YES;
			};
			name = Release;
		};
/* End XCBuildConfiguration section */

/* Begin XCConfigurationList section */
		053970DB2CDBA4FD008E4EFA /* Build configuration list for PBXProject "TrustedSearch" */ = {
			isa = XCConfigurationList;
			buildConfigurations = (
				053970ED2CDBA4FF008E4EFA /* Debug */,
				053970EE2CDBA4FF008E4EFA /* Release */,
			);
			defaultConfigurationIsVisible = 0;
			defaultConfigurationName = Release;
		};
		053970EF2CDBA4FF008E4EFA /* Build configuration list for PBXNativeTarget "TrustedSearch_macOS" */ = {
			isa = XCConfigurationList;
			buildConfigurations = (
				053970F02CDBA4FF008E4EFA /* Debug */,
				053970F12CDBA4FF008E4EFA /* Release */,
			);
			defaultConfigurationIsVisible = 0;
			defaultConfigurationName = Release;
		};
		05780E962CDBA8E8003C03E6 /* Build configuration list for PBXNativeTarget "TrustedSearch_iOS" */ = {
			isa = XCConfigurationList;
			buildConfigurations = (
				05780E972CDBA8E8003C03E6 /* Debug */,
				05780E982CDBA8E8003C03E6 /* Release */,
			);
			defaultConfigurationIsVisible = 0;
			defaultConfigurationName = Release;
		};
/* End XCConfigurationList section */
	};
	rootObject = 053970D82CDBA4FD008E4EFA /* Project object */;
}
